github.com/bsm/ginkgo/v2 v2.12.0 h1:Ny8MWAHyOepLGlLKYmXG4IEkioBysk6GpaRTLC8zwWs=
github.com/bsm/ginkgo/v2 v2.12.0/go.mod h1:SwYbGRRDovPVboqFv0tPTcG1sN61LM1Z4ARdbAV9g4c=
github.com/bsm/gomega v1.27.10 h1:yeMWxP2pV2fG3FgAODIY8EiRE3dy0aeFYt4l7wh6yKA=
github.com/bsm/gomega v1.27.10/go.mod h1:JyEr/xRbxbtgWNi8tIEVPUYZ5Dzef52k01W3YH0H+O0=
github.com/cespare/xxhash/v2 v2.2.0 h1:DC2CZ1Ep5Y4k3ZQ899DldepgrayRUGE6BBZ/cd9Cj44=
github.com/cespare/xxhash/v2 v2.2.0/go.mod h1:VGX0DQ3Q6kWi7AoAeZDth3/j3BFtOZR5XLFGgcrjCOs=
github.com/cespare/xxhash/v2 v2.3.0 h1:UL815xU9SqsFlibzuggzjXhog7bL6oX9BbNZnL2UFvs=
github.com/cespare/xxhash/v2 v2.3.0/go.mod h1:VGX0DQ3Q6kWi7AoAeZDth3/j3BFtOZR5XLFGgcrjCOs=
github.com/dgryski/go-rendezvous v0.0.0-20200823014737-9f7001d12a5f h1:lO4WD4F/rVNCu3HqELle0jiPLLBs70cWOduZpkS1E78=
github.com/dgryski/go-rendezvous v0.0.0-20200823014737-9f7001d12a5f/go.mod h1:cuUVRXasLTGF7a8hSLbxyZXjz+1KgoB3wDUb6vlszIc=
github.com/ermes-labs/api-go v0.0.2 h1:7B9fUaofvG+9+oRG4VjIlT7prsszWZwzyIms1dCKHfo=
github.com/ermes-labs/api-go v0.0.2/go.mod h1:xxZSUJdaeyIu4uCCvTmQzRYRAxZaW+Dy8Uo4oDRrngs=
github.com/ermes-labs/storage-redis/packages/go v0.0.1 h1:CT4SE1ezZnbg8E96x3xG6TMqMfPgwkvW21BfIGvnKA8=
github.com/ermes-labs/storage-redis/packages/go v0.0.1/go.mod h1:W60MTCu9EOkNlLJUqHfh+B+rNPbGZCpE4Ft1uSoDMYE=
github.com/google/uuid v1.5.0 h1:1p67kYwdtXjb0gL0BPiP1Av9wiZPo5A8z2cWkTZ+eyU=
github.com/google/uuid v1.5.0/go.mod h1:TIyPZe4MgqvfeYDBFedMoGGpEw/LqOeaOT+nhxU+yHo=
github.com/google/uuid v1.6.0 h1:NIvaJDMOsjHA8n1jAhLSgzrAzy1Hgr+hNrb57e+94F0=
github.com/google/uuid v1.6.0/go.mod h1:TIyPZe4MgqvfeYDBFedMoGGpEw/LqOeaOT+nhxU+yHo=
github.com/my-ermes-labs/api-go v0.2.0 h1:Pz0ZeQSxG7/W/dOegfJyzftgH5hPGsX0XhmRNHKRsQI=
github.com/my-ermes-labs/api-go v0.2.0/go.mod h1:+AvBXjo+qFUsMf1c7eNAsS3jSz+T3HkLqWTbqxn9zEs=
github.com/my-ermes-labs/api-go v0.2.1 h1:wwkKUj+gIbFCslinx56jAGAVla108R+zZ/KARwzI9VA=
github.com/my-ermes-labs/api-go v0.2.1/go.mod h1:+AvBXjo+qFUsMf1c7eNAsS3jSz+T3HkLqWTbqxn9zEs=
github.com/my-ermes-labs/api-go v0.2.3 h1:5f4R8RM7nl8xZGRYtTgsMVovqqcvCyi35sbtkBWQOrg=
github.com/my-ermes-labs/api-go v0.2.3/go.mod h1:+AvBXjo+qFUsMf1c7eNAsS3jSz+T3HkLqWTbqxn9zEs=
github.com/my-ermes-labs/api-go v0.2.4 h1:/+NccWXtdgYeqjk4wIAFeuEZLUVoTt0JQ1zb15TJl8o=
github.com/my-ermes-labs/api-go v0.2.4/go.mod h1:7xicJw2ZI5JweSzzMh0Bb8gEYhXAqLgYzwD/4469CLM=
github.com/my-ermes-labs/api-go v0.2.5 h1:W3YSAwegZqT/Fl/nwUmtiYLfDEN60+UT5OYqKPExIYs=
github.com/my-ermes-labs/api-go v0.2.5/go.mod h1:7xicJw2ZI5JweSzzMh0Bb8gEYhXAqLgYzwD/4469CLM=
github.com/my-ermes-labs/api-go v0.2.7 h1:u73hpVRMrv/rMGUvMBSnJSPAn5dpnNcglrr9wgFX86I=
github.com/my-ermes-labs/api-go v0.2.7/go.mod h1:7xicJw2ZI5JweSzzMh0Bb8gEYhXAqLgYzwD/4469CLM=
github.com/my-ermes-labs/api-go v0.2.8 h1:afTmPgKIprxpyahJQ+yuuVOnjPK55Tt8wXTGbCNY7ew=
github.com/my-ermes-labs/api-go v0.2.8/go.mod h1:7xicJw2ZI5JweSzzMh0Bb8gEYhXAqLgYzwD/4469CLM=
github.com/my-ermes-labs/api-go v0.2.10 h1:H353MZ1c1T7rVWmb+JpVZxiOQDIQuIyzeCN8hkCXJZ8=
github.com/my-ermes-labs/api-go v0.2.10/go.mod h1:7xicJw2ZI5JweSzzMh0Bb8gEYhXAqLgYzwD/4469CLM=
github.com/my-ermes-labs/api-go v0.2.11 h1:Ul6wIQbYDDBw9EnnBdVet4JRMHUooC4GBg7/kt+jQXs=
github.com/my-ermes-labs/api-go v0.2.11/go.mod h1:7xicJw2ZI5JweSzzMh0Bb8gEYhXAqLgYzwD/4469CLM=
github.com/my-ermes-labs/api-go v0.2.12 h1:ojqk39b3mHrCRzivYmeOG4+oOOjYzebjU7DvtFxWkV8=
github.com/my-ermes-labs/api-go v0.2.12/go.mod h1:7xicJw2ZI5JweSzzMh0Bb8gEYhXAqLgYzwD/4469CLM=
github.com/my-ermes-labs/api-go v0.2.13 h1:vLcvPQ7INMcHtO8nK6zpOFPIoE6dFj5ji11KLrBs3JE=
github.com/my-ermes-labs/api-go v0.2.13/go.mod h1:7xicJw2ZI5JweSzzMh0Bb8gEYhXAqLgYzwD/4469CLM=
github.com/my-ermes-labs/api-go v0.2.14 h1:QTKkMO8frrJWkOsUA8Zi3M7ZNJZ548FzLz1rZDHVwFU=
github.com/my-ermes-labs/api-go v0.2.14/go.mod h1:7xicJw2ZI5JweSzzMh0Bb8gEYhXAqLgYzwD/4469CLM=
github.com/my-ermes-labs/api-go v0.2.15 h1:WvQTYfAgA3iksgTTirvbTzu2CvPvucnQpqcfjXM+x1M=
github.com/my-ermes-labs/api-go v0.2.15/go.mod h1:7xicJw2ZI5JweSzzMh0Bb8gEYhXAqLgYzwD/4469CLM=
github.com/my-ermes-labs/api-go v0.2.16 h1:rMWga/+sBDM+Enlw5NIqMw4T+ZMzjBQSbtjgQGlNwG8=
github.com/my-ermes-labs/api-go v0.2.16/go.mod h1:+He+DmGJk51/wbdMzv8QYd/RIDEEXeTupc2Rnhzkroc=
github.com/my-ermes-labs/log v1.2.0 h1:J6dpfetulXZ6oTbVeixVpn54HAPXeSxly1fQQz+GxaM=
github.com/my-ermes-labs/log v1.2.0/go.mod h1:9WvSr0abccmqV1FlJhFdwRcMn0btfTv7/7mhESkDw6Y=
github.com/my-ermes-labs/log v1.3.1 h1:GDna2/l4Zskot/c1Q6LgefBAXQazkKU5vchm1RdcyXo=
github.com/my-ermes-labs/log v1.3.1/go.mod h1:9WvSr0abccmqV1FlJhFdwRcMn0btfTv7/7mhESkDw6Y=
github.com/my-ermes-labs/storage-redis/packages/go v0.2.2 h1:PCjTQfvYiozPs7kyLPV+mrbHLgLo+Nip4E/N+nf+CAM=
github.com/my-ermes-labs/storage-redis/packages/go v0.2.2/go.mod h1:8Pjs3GN/tZQSLjsmFlT3yvUesFakfCW36axhLpTa+Nc=
github.com/my-ermes-labs/storage-redis/packages/go v0.2.4 h1:mT9ZqbdLeTbTxR1w0qRM23C5WzwsawaSRJdThlL3OGM=
github.com/my-ermes-labs/storage-redis/packages/go v0.2.4/go.mod h1:4zbqp3RfkUTDuKxhSQbZoRaQHJ7cb5SaE0P0oLdEFCo=
github.com/my-ermes-labs/storage-redis/packages/go v0.2.5 h1:n9EsasmYwGFUpUsR3lXsTwR0ChiFg6N6vq/Md+fQyFw=
github.com/my-ermes-labs/storage-redis/packages/go v0.2.5/go.mod h1:7bIDFlG7CLpQa18TrndQNQRi9G/pSR6jfyBILM0bous=
github.com/my-ermes-labs/storage-redis/packages/go v0.2.6 h1:iZFyYNVcNZIPt3YJDJCJi54T6JoKEHzpzLQGrQOYWGY=
github.com/my-ermes-labs/storage-redis/packages/go v0.2.6/go.mod h1:1N9jVanpGCY44+jLbQNV0yVenSMpMKUcIJmlr4/iV6o=
github.com/my-ermes-labs/storage-redis/packages/go v0.2.8 h1:iRCDv7+y8NvFNwynXogPlyXf8df9DhVq5aDn+1Qpr9c=
github.com/my-ermes-labs/storage-redis/packages/go v0.2.8/go.mod h1:MHGNHhYXVqDP4xH//nGMhTP0XBAL4hOUbENntwd26G0=
github.com/my-ermes-labs/storage-redis/packages/go v0.2.9 h1:ySA0CJmyt9adp9hTU/gaRoeeQLoh5rEm2c4kwjpALhM=
github.com/my-ermes-labs/storage-redis/packages/go v0.2.9/go.mod h1:MHGNHhYXVqDP4xH//nGMhTP0XBAL4hOUbENntwd26G0=
github.com/my-ermes-labs/storage-redis/packages/go v0.2.10 h1:ZVebyv+PYo86Rn0PTDvO9+t5GtmYXDMh13smukibBNQ=
github.com/my-ermes-labs/storage-redis/packages/go v0.2.10/go.mod h1:MHGNHhYXVqDP4xH//nGMhTP0XBAL4hOUbENntwd26G0=
github.com/my-ermes-labs/storage-redis/packages/go v0.2.11 h1:DwE4nVA94YnxBNzM3HY93WIiffQTnow9wVOuVZTlnEQ=
github.com/my-ermes-labs/storage-redis/packages/go v0.2.11/go.mod h1:MHGNHhYXVqDP4xH//nGMhTP0XBAL4hOUbENntwd26G0=
github.com/my-ermes-labs/storage-redis/packages/go v0.2.12 h1:ABjGNjaCP7PR+DjCdsyxdsbXVz4hAZ4QcusqS36nqIo=
github.com/my-ermes-labs/storage-redis/packages/go v0.2.12/go.mod h1:MHGNHhYXVqDP4xH//nGMhTP0XBAL4hOUbENntwd26G0=
github.com/my-ermes-labs/storage-redis/packages/go v0.2.13 h1:Rt3PoNewbO6P5EqagsiU/IprM/sEQ6Gb0Es7KT8TXWI=
github.com/my-ermes-labs/storage-redis/packages/go v0.2.13/go.mod h1:MHGNHhYXVqDP4xH//nGMhTP0XBAL4hOUbENntwd26G0=
github.com/my-ermes-labs/storage-redis/packages/go v0.2.14 h1:CxFb9OEKqDfVIs3ow5fc3SQcRZWt2eGQMROXY0UCP20=
github.com/my-ermes-labs/storage-redis/packages/go v0.2.14/go.mod h1:MHGNHhYXVqDP4xH//nGMhTP0XBAL4hOUbENntwd26G0=
github.com/my-ermes-labs/storage-redis/packages/go v0.2.15 h1:u/Ap5V0FPX7OaSAaJLRmJltKyjrqH5/cg92/la0kdMQ=
github.com/my-ermes-labs/storage-redis/packages/go v0.2.15/go.mod h1:MHGNHhYXVqDP4xH//nGMhTP0XBAL4hOUbENntwd26G0=
github.com/my-ermes-labs/storage-redis/packages/go v0.2.16 h1:1rS/fuEOmHY7RPTOIhX8M1Jxx2r/lZilX5PlXQeAYuY=
github.com/my-ermes-labs/storage-redis/packages/go v0.2.16/go.mod h1:MHGNHhYXVqDP4xH//nGMhTP0XBAL4hOUbENntwd26G0=
github.com/my-ermes-labs/storage-redis/packages/go v0.2.17 h1:230sFftdB9GO7akkDkp30DNyVe+Tp0jPxdR8+CdgTHI=
github.com/my-ermes-labs/storage-redis/packages/go v0.2.17/go.mod h1:Cy93X9lFnDz6iHG5wU4vXVY4TSEvj4xjA1G+SsPKbGI=
github.com/my-ermes-labs/storage-redis/packages/go v0.2.18 h1:wDwBxoHkW/b7J2FoKLINValqORPCC6PGXZ4ixItIQsY=
github.com/my-ermes-labs/storage-redis/packages/go v0.2.18/go.mod h1:Cy93X9lFnDz6iHG5wU4vXVY4TSEvj4xjA1G+SsPKbGI=
github.com/my-ermes-labs/storage-redis/packages/go v0.2.19 h1:UgHiZpxsSrMi/wVLehKlNLKr8tic+U/4hFD6FcgLQPE=
github.com/my-ermes-labs/storage-redis/packages/go v0.2.19/go.mod h1:Cy93X9lFnDz6iHG5wU4vXVY4TSEvj4xjA1G+SsPKbGI=
github.com/my-ermes-labs/storage-redis/packages/go v0.2.20 h1:ErhkTdftZCTB4cKjXEy+r8MPOBXmY54Nf0w1mb1ORFk=
github.com/my-ermes-labs/storage-redis/packages/go v0.2.20/go.mod h1:Cy93X9lFnDz6iHG5wU4vXVY4TSEvj4xjA1G+SsPKbGI=
github.com/my-ermes-labs/storage-redis/packages/go v0.2.21 h1:fgmkpqqIR0Ed1BOOgdNK3TCr8AGMwGEp45BkhmNUha8=
github.com/my-ermes-labs/storage-redis/packages/go v0.2.21/go.mod h1:Cy93X9lFnDz6iHG5wU4vXVY4TSEvj4xjA1G+SsPKbGI=
github.com/my-ermes-labs/storage-redis/packages/go v0.2.22 h1:Nu5FbTSSo/UAcCgd9nqzdWvPKYdbo52y02lxZbYRzGc=
github.com/my-ermes-labs/storage-redis/packages/go v0.2.22/go.mod h1:Cy93X9lFnDz6iHG5wU4vXVY4TSEvj4xjA1G+SsPKbGI=
github.com/my-ermes-labs/storage-redis/packages/go v0.2.23 h1:ZpgqzeWZfCq3/wEvn3iKPM4QnxzuqirzpCN4/DjRuT8=
github.com/my-ermes-labs/storage-redis/packages/go v0.2.23/go.mod h1:Cy93X9lFnDz6iHG5wU4vXVY4TSEvj4xjA1G+SsPKbGI=
github.com/my-ermes-labs/storage-redis/packages/go v0.2.24 h1:p0knre1fwZC9jkNQSLUQb/EY83IJNL66FR+P/hKjTz0=
github.com/my-ermes-labs/storage-redis/packages/go v0.2.24/go.mod h1:Cy93X9lFnDz6iHG5wU4vXVY4TSEvj4xjA1G+SsPKbGI=
github.com/my-ermes-labs/storage-redis/packages/go v0.2.25 h1:3xhuL0KnTCBH3j933i09wzK9DT7mx3Q9payc5wYThOw=
github.com/my-ermes-labs/storage-redis/packages/go v0.2.25/go.mod h1:Cy93X9lFnDz6iHG5wU4vXVY4TSEvj4xjA1G+SsPKbGI=
github.com/my-ermes-labs/storage-redis/packages/go v0.2.27 h1:kF0M2OC+MdkJz8JKEGX4hTxESCS47uQMh3+ci9lNqpE=
github.com/my-ermes-labs/storage-redis/packages/go v0.2.27/go.mod h1:Cy93X9lFnDz6iHG5wU4vXVY4TSEvj4xjA1G+SsPKbGI=
github.com/my-ermes-labs/storage-redis/packages/go v0.2.28 h1:Bez8doH+ND7v7TxgJ1DG43p5kw0CxQG4mHUUqTK9NAU=
github.com/my-ermes-labs/storage-redis/packages/go v0.2.28/go.mod h1:Cy93X9lFnDz6iHG5wU4vXVY4TSEvj4xjA1G+SsPKbGI=
github.com/my-ermes-labs/storage-redis/packages/go v1.3.1 h1:hm8z6sHVCAQtbu7juz+uTV/H8E4qYcnxxjhG+Lu/SII=
github.com/my-ermes-labs/storage-redis/packages/go v1.3.1/go.mod h1:HYRRJmc/3fjaUP4mqa/lqJ1GHPzbBeztAhC4Kw6IW8I=
github.com/my-ermes-labs/storage-redis/packages/go v1.3.2 h1:+Sk05zHZk5dSWvekjGUCu6zpMaF/eiyAcHWShPx+A8Y=
github.com/my-ermes-labs/storage-redis/packages/go v1.3.2/go.mod h1:6NVhijP8G09bDTKAwst3THM+ZTMqjbQ8BW5FU8bPkSY=
github.com/redis/go-redis/v9 v9.5.1 h1:H1X4D3yHPaYrkL5X06Wh6xNVM/pX0Ft4RV0vMGvLBh8=
github.com/redis/go-redis/v9 v9.5.1/go.mod h1:hdY0cQFCN4fnSYT6TkisLufl/4W5UIXyv0b/CLO2V2M=
github.com/redis/go-redis/v9 v9.7.0 h1:HhLSs+B6O021gwzl+locl0zEDnyNkxMtf/Z3NNBMa9E=
github.com/redis/go-redis/v9 v9.7.0/go.mod h1:f6zhXITC7JUJIlPEiBOTXxJgPLdZcA93GewI7inzyWw=
